<?xml version="1.0" encoding="UTF-8"?>
<Scheme
   LastUpgradeVersion = "2600"
   version = "1.7">
   <BuildAction
      parallelizeBuildables = "YES"
      buildImplicitDependencies = "YES"
      buildArchitectures = "Automatic">
      <BuildActionEntries>
         <BuildActionEntry
            buildForTesting = "YES"
            buildForRunning = "YES"
            buildForProfiling = "YES"
            buildForArchiving = "YES"
            buildForAnalyzing = "YES">
            <BuildableReference
               BuildableIdentifier = "primary"
               BlueprintIdentifier = "B63C95642F3DCB8A00DFC560"
               BuildableName = "tmTrackerExample.app"
               BlueprintName = "tmTrackerExample"
               ReferencedContainer = "container:tmTrackerExample.xcodeproj">
            </BuildableReference>
         </BuildActionEntry>
      </BuildActionEntries>
   </BuildAction>
   <TestAction
      buildConfiguration = "Debug"
      selectedDebuggerIdentifier = "Xcode.DebuggerFoundation.Debugger.LLDB"
      selectedLauncherIdentifier = "Xcode.DebuggerFoundation.Launcher.LLDB"
      shouldUseLaunchSchemeArgsEnv = "YES"
      shouldAutocreateTestPlan = "YES">
      <Testables>
         <TestableReference
            skipped = "NO"
            parallelizable = "YES">
            <BuildableReference
               BuildableIdentifier = "primary"
               BlueprintIdentifier = "B63C95712F3DCB8C00DFC560"
               BuildableName = "tmTrackerExampleTests.xctest"
               BlueprintName = "tmTrackerExampleTests"
               ReferencedContainer = "container:tmTrackerExample.xcodeproj">
            </BuildableReference>
         </TestableReference>
         <TestableReference
            skipped = "NO"
            parallelizable = "YES">
            <BuildableReference
               BuildableIdentifier = "primary"
               BlueprintIdentifier = "B63C957B2F3DCB8C00DFC560"
               BuildableName = "tmTrackerExampleUITests.xctest"
               BlueprintName = "tmTrackerExampleUITests"
               ReferencedContainer = "container:tmTrackerExample.xcodeproj">
            </BuildableReference>
         </TestableReference>
      </Testables>
   </TestAction>
   <LaunchAction
      buildConfiguration = "Debug"
      selectedDebuggerIdentifier = "Xcode.DebuggerFoundation.Debugger.LLDB"
      selectedLauncherIdentifier = "Xcode.DebuggerFoundation.Launcher.LLDB"
      launchStyle = "0"
      useCustomWorkingDirectory = "NO"
      ignoresPersistentStateOnLaunch = "NO"
      debugDocumentVersioning = "YES"
      debugServiceExtension = "internal"
      allowLocationSimulation = "YES">
      <BuildableProductRunnable
         runnableDebuggingMode = "0">
         <BuildableReference
            BuildableIdentifier = "primary"
            BlueprintIdentifier = "B63C95642F3DCB8A00DFC560"
            BuildableName = "tmTrackerExample.app"
            BlueprintName = "tmTrackerExample"
            ReferencedContainer = "container:tmTrackerExample.xcodeproj">
         </BuildableReference>
      </BuildableProductRunnable>
      <EnvironmentVariables>
         <EnvironmentVariable
            key = "ANALYTICS_BASE_URL"
            value = "https://themiracle-analytics-dev-pm9c8.ondigitalocean.app"
            isEnabled = "YES">
         </EnvironmentVariable>
         <EnvironmentVariable
            key = "ANALYTICS_SDK_ID"
            value = "ec392a67-3365-4c7f-a994-5f260ef09140"
            isEnabled = "YES">
         </EnvironmentVariable>
         <EnvironmentVariable
            key = "ANALYTICS_DISTRIBUTOR"
            value = "themiracle develop"
            isEnabled = "YES">
         </EnvironmentVariable>
         <EnvironmentVariable
            key = "BENEFITS_API_KEY"
            value = "448ae165-9ee0-4215-a74a-87b07c9def3e"
            isEnabled = "YES">
         </EnvironmentVariable>
         <EnvironmentVariable
            key = "BENEFITS_API_BASE_URL"
            value = "https://miracleapi-prod-dldwa.ondigitalocean.app"
            isEnabled = "YES">
         </EnvironmentVariable>
      </EnvironmentVariables>
   </LaunchAction>
   <ProfileAction
      buildConfiguration = "Release"
      shouldUseLaunchSchemeArgsEnv = "YES"
      savedToolIdentifier = ""
      useCustomWorkingDirectory = "NO"
      debugDocumentVersioning = "YES">
      <BuildableProductRunnable
         runnableDebuggingMode = "0">
         <BuildableReference
            BuildableIdentifier = "primary"
            BlueprintIdentifier = "B63C95642F3DCB8A00DFC560"
            BuildableName = "tmTrackerExample.app"
            BlueprintName = "tmTrackerExample"
            ReferencedContainer = "container:tmTrackerExample.xcodeproj">
         </BuildableReference>
      </BuildableProductRunnable>
   </ProfileAction>
   <AnalyzeAction
      buildConfiguration = "Debug">
   </AnalyzeAction>
   <ArchiveAction
      buildConfiguration = "Release"
      revealArchiveInOrganizer = "YES">
   </ArchiveAction>
</Scheme>
